
Microsoft Visual Studio Solution File, Format Version 12.00
# Visual Studio Version 16
VisualStudioVersion = 16.0.31613.86
MinimumVisualStudioVersion = 10.0.40219.1
Project("{9A19103F-16F7-4668-BE54-9A1E7A4F7556}") = "TechnoStore.Web", "TechnoStore.Web\TechnoStore.Web.csproj", "{05CC20F4-8935-433E-8079-7432271C7C2A}"
EndProject
Project("{9A19103F-16F7-4668-BE54-9A1E7A4F7556}") = "TechnoStore.Data", "TechnoStore.Data\TechnoStore.Data.csproj", "{F3E8D860-0CB8-45F7-BF89-C43FF63C516E}"
EndProject
Project("{9A19103F-16F7-4668-BE54-9A1E7A4F7556}") = "TechnoStore.Core", "TechnoStore.Core\TechnoStore.Core.csproj", "{3C791936-B692-45DA-BC0E-E7270B97C3B1}"
EndProject
Project("{9A19103F-16F7-4668-BE54-9A1E7A4F7556}") = "TechnoStore.Infrastructure", "TechnoStore.Infrastructure\TechnoStore.Infrastructure.csproj", "{5EA6A6EA-56DB-4128-8498-045097BD0DD1}"
EndProject
Global
	GlobalSection(SolutionConfigurationPlatforms) = preSolution
		Debug|Any CPU = Debug|Any CPU
		Release|Any CPU = Release|Any CPU
	EndGlobalSection
	GlobalSection(ProjectConfigurationPlatforms) = postSolution
		{05CC20F4-8935-433E-8079-7432271C7C2A}.Debug|Any CPU.ActiveCfg = Debug|Any CPU
		{05CC20F4-8935-433E-8079-7432271C7C2A}.Debug|Any CPU.Build.0 = Debug|Any CPU
		{05CC20F4-8935-433E-8079-7432271C7C2A}.Release|Any CPU.ActiveCfg = Release|Any CPU
		{05CC20F4-8935-433E-8079-7432271C7C2A}.Release|Any CPU.Build.0 = Release|Any CPU
		{F3E8D860-0CB8-45F7-BF89-C43FF63C516E}.Debug|Any CPU.ActiveCfg = Debug|Any CPU
		{F3E8D860-0CB8-45F7-BF89-C43FF63C516E}.Debug|Any CPU.Build.0 = Debug|Any CPU
		{F3E8D860-0CB8-45F7-BF89-C43FF63C516E}.Release|Any CPU.ActiveCfg = Release|Any CPU
		{F3E8D860-0CB8-45F7-BF89-C43FF63C516E}.Release|Any CPU.Build.0 = Release|Any CPU
		{3C791936-B692-45DA-BC0E-E7270B97C3B1}.Debug|Any CPU.ActiveCfg = Debug|Any CPU
		{3C791936-B692-45DA-BC0E-E7270B97C3B1}.Debug|Any CPU.Build.0 = Debug|Any CPU
		{3C791936-B692-45DA-BC0E-E7270B97C3B1}.Release|Any CPU.ActiveCfg = Release|Any CPU
		{3C791936-B692-45DA-BC0E-E7270B97C3B1}.Release|Any CPU.Build.0 = Release|Any CPU
		{5EA6A6EA-56DB-4128-8498-045097BD0DD1}.Debug|Any CPU.ActiveCfg = Debug|Any CPU
		{5EA6A6EA-56DB-4128-8498-045097BD0DD1}.Debug|Any CPU.Build.0 = Debug|Any CPU
		{5EA6A6EA-56DB-4128-8498-045097BD0DD1}.Release|Any CPU.ActiveCfg = Release|Any CPU
		{5EA6A6EA-56DB-4128-8498-045097BD0DD1}.Release|Any CPU.Build.0 = Release|Any CPU
	EndGlobalSection
	GlobalSection(SolutionProperties) = preSolution
		HideSolutionNode = FALSE
	EndGlobalSection
	GlobalSection(ExtensibilityGlobals) = postSolution
		SolutionGuid = {4C8159DF-97D7-41C5-8D83-C021254EB22F}
	EndGlobalSection
EndGlobal
